
Microsoft Visual Studio Solution File, Format Version 12.00
# Visual Studio 15
VisualStudioVersion = 15.0.27703.2026
MinimumVisualStudioVersion = 10.0.40219.1
Project("{FAE04EC0-301F-11D3-BF4B-00C04F79EFBC}") = "Message", "Message\Message.csproj", "{89D1D29E-D3C2-4904-A03C-238EBCB5DBDE}"
EndProject
Global
	GlobalSection(SolutionConfigurationPlatforms) = preSolution
		Debug|Any CPU = Debug|Any CPU
		Release|Any CPU = Release|Any CPU
	EndGlobalSection
	GlobalSection(ProjectConfigurationPlatforms) = postSolution
		{89D1D29E-D3C2-4904-A03C-238EBCB5DBDE}.Debug|Any CPU.ActiveCfg = Debug|Any CPU
		{89D1D29E-D3C2-4904-A03C-238EBCB5DBDE}.Debug|Any CPU.Build.0 = Debug|Any CPU
		{89D1D29E-D3C2-4904-A03C-238EBCB5DBDE}.Release|Any CPU.ActiveCfg = Release|Any CPU
		{89D1D29E-D3C2-4904-A03C-238EBCB5DBDE}.Release|Any CPU.Build.0 = Release|Any CPU
	EndGlobalSection
	GlobalSection(SolutionProperties) = preSolution
		HideSolutionNode = FALSE
	EndGlobalSection
	GlobalSection(ExtensibilityGlobals) = postSolution
		SolutionGuid = {D77B63CC-1511-4260-A0AA-F2DC7062D962}
	EndGlobalSection
EndGlobal
